
Microsoft Visual Studio Solution File, Format Version 12.00
# Visual Studio Version 17
VisualStudioVersion = 17.2.32630.192
MinimumVisualStudioVersion = 10.0.40219.1
Project("{9A19103F-16F7-4668-BE54-9A1E7A4F7556}") = "Server", "ServerSide\Server.csproj", "{4676BC30-3C28-436F-A4A0-03968E90B21E}"
EndProject
Project("{9A19103F-16F7-4668-BE54-9A1E7A4F7556}") = "Bl", "BI\Bl.csproj", "{B984D6FB-2A80-4BD7-91EA-026114A40720}"
EndProject
Project("{9A19103F-16F7-4668-BE54-9A1E7A4F7556}") = "Dal", "Dal\Dal.csproj", "{BA354013-BE92-49B1-90DB-711FF9F965D0}"
EndProject
Global
	GlobalSection(SolutionConfigurationPlatforms) = preSolution
		Debug|Any CPU = Debug|Any CPU
		Release|Any CPU = Release|Any CPU
	EndGlobalSection
	GlobalSection(ProjectConfigurationPlatforms) = postSolution
		{4676BC30-3C28-436F-A4A0-03968E90B21E}.Debug|Any CPU.ActiveCfg = Debug|Any CPU
		{4676BC30-3C28-436F-A4A0-03968E90B21E}.Debug|Any CPU.Build.0 = Debug|Any CPU
		{4676BC30-3C28-436F-A4A0-03968E90B21E}.Release|Any CPU.ActiveCfg = Release|Any CPU
		{4676BC30-3C28-436F-A4A0-03968E90B21E}.Release|Any CPU.Build.0 = Release|Any CPU
		{B984D6FB-2A80-4BD7-91EA-026114A40720}.Debug|Any CPU.ActiveCfg = Debug|Any CPU
		{B984D6FB-2A80-4BD7-91EA-026114A40720}.Debug|Any CPU.Build.0 = Debug|Any CPU
		{B984D6FB-2A80-4BD7-91EA-026114A40720}.Release|Any CPU.ActiveCfg = Release|Any CPU
		{B984D6FB-2A80-4BD7-91EA-026114A40720}.Release|Any CPU.Build.0 = Release|Any CPU
		{BA354013-BE92-49B1-90DB-711FF9F965D0}.Debug|Any CPU.ActiveCfg = Debug|Any CPU
		{BA354013-BE92-49B1-90DB-711FF9F965D0}.Debug|Any CPU.Build.0 = Debug|Any CPU
		{BA354013-BE92-49B1-90DB-711FF9F965D0}.Release|Any CPU.ActiveCfg = Release|Any CPU
		{BA354013-BE92-49B1-90DB-711FF9F965D0}.Release|Any CPU.Build.0 = Release|Any CPU
	EndGlobalSection
	GlobalSection(SolutionProperties) = preSolution
		HideSolutionNode = FALSE
	EndGlobalSection
	GlobalSection(ExtensibilityGlobals) = postSolution
		SolutionGuid = {92166AAC-C583-42CA-A15B-FC5FE56CC8F4}
	EndGlobalSection
EndGlobal
